// !$*UTF8*$!
{
	archiveVersion = 1;
	classes = {
	};
	objectVersion = 46;
	objects = {

/* Begin PBXBuildFile section */
		079E39471D2EB91C00D16746 /* AppDelegate.swift in Sources */ = {isa = PBXBuildFile; fileRef = 079E39461D2EB91C00D16746 /* AppDelegate.swift */; };
		079E39491D2EB91C00D16746 /* ViewController.swift in Sources */ = {isa = PBXBuildFile; fileRef = 079E39481D2EB91C00D16746 /* ViewController.swift */; };
		079E394C1D2EB91D00D16746 /* Main.storyboard in Resources */ = {isa = PBXBuildFile; fileRef = 079E394A1D2EB91D00D16746 /* Main.storyboard */; };
		079E394E1D2EB91D00D16746 /* Assets.xcassets in Resources */ = {isa = PBXBuildFile; fileRef = 079E394D1D2EB91D00D16746 /* Assets.xcassets */; };
		079E39511D2EB91D00D16746 /* LaunchScreen.storyboard in Resources */ = {isa = PBXBuildFile; fileRef = 079E394F1D2EB91D00D16746 /* LaunchScreen.storyboard */; };
		079E39591D2EBD0300D16746 /* AVFoundation.framework in Frameworks */ = {isa = PBXBuildFile; fileRef = 079E39581D2EBD0300D16746 /* AVFoundation.framework */; };
		079E395B1D2EBD1300D16746 /* CoreMedia.framework in Frameworks */ = {isa = PBXBuildFile; fileRef = 079E395A1D2EBD1300D16746 /* CoreMedia.framework */; };
		079E395D1D2EBD2800D16746 /* CoreTelephony.framework in Frameworks */ = {isa = PBXBuildFile; fileRef = 079E395C1D2EBD2800D16746 /* CoreTelephony.framework */; };
		079E395F1D2EBD3B00D16746 /* MobileCoreServices.framework in Frameworks */ = {isa = PBXBuildFile; fileRef = 079E395E1D2EBD3B00D16746 /* MobileCoreServices.framework */; };
		079E39611D2EBD5000D16746 /* Security.framework in Frameworks */ = {isa = PBXBuildFile; fileRef = 079E39601D2EBD4F00D16746 /* Security.framework */; };
		079E39631D2EBD5E00D16746 /* SystemConfiguration.framework in Frameworks */ = {isa = PBXBuildFile; fileRef = 079E39621D2EBD5E00D16746 /* SystemConfiguration.framework */; };
		1DEBFC9FE1D4DCFF822330C5 /* libPods-iOS_Click_btn.a in Frameworks */ = {isa = PBXBuildFile; fileRef = D6DAD9EAE6EDF880334240A9 /* libPods-iOS_Click_btn.a */; };
/* End PBXBuildFile section */

/* Begin PBXFileReference section */
		079E39431D2EB91B00D16746 /* iOS_Click_btn.app */ = {isa = PBXFileReference; explicitFileType = wrapper.application; includeInIndex = 0; path = iOS_Click_btn.app; sourceTree = BUILT_PRODUCTS_DIR; };
		079E39461D2EB91C00D16746 /* AppDelegate.swift */ = {isa = PBXFileReference; lastKnownFileType = sourcecode.swift; path = AppDelegate.swift; sourceTree = "<group>"; };
		079E39481D2EB91C00D16746 /* ViewController.swift */ = {isa = PBXFileReference; lastKnownFileType = sourcecode.swift; path = ViewController.swift; sourceTree = "<group>"; };
		079E394B1D2EB91D00D16746 /* Base */ = {isa = PBXFileReference; lastKnownFileType = file.storyboard; name = Base; path = Base.lproj/Main.storyboard; sourceTree = "<group>"; };
		079E394D1D2EB91D00D16746 /* Assets.xcassets */ = {isa = PBXFileReference; lastKnownFileType = folder.assetcatalog; path = Assets.xcassets; sourceTree = "<group>"; };
		079E39501D2EB91D00D16746 /* Base */ = {isa = PBXFileReference; lastKnownFileType = file.storyboard; name = Base; path = Base.lproj/LaunchScreen.storyboard; sourceTree = "<group>"; };
		079E39521D2EB91D00D16746 /* Info.plist */ = {isa = PBXFileReference; lastKnownFileType = text.plist.xml; path = Info.plist; sourceTree = "<group>"; };
		079E39581D2EBD0300D16746 /* AVFoundation.framework */ = {isa = PBXFileReference; lastKnownFileType = wrapper.framework; name = AVFoundation.framework; path = System/Library/Frameworks/AVFoundation.framework; sourceTree = SDKROOT; };
		079E395A1D2EBD1300D16746 /* CoreMedia.framework */ = {isa = PBXFileReference; lastKnownFileType = wrapper.framework; name = CoreMedia.framework; path = System/Library/Frameworks/CoreMedia.framework; sourceTree = SDKROOT; };
		079E395C1D2EBD2800D16746 /* CoreTelephony.framework */ = {isa = PBXFileReference; lastKnownFileType = wrapper.framework; name = CoreTelephony.framework; path = System/Library/Frameworks/CoreTelephony.framework; sourceTree = SDKROOT; };
		079E395E1D2EBD3B00D16746 /* MobileCoreServices.framework */ = {isa = PBXFileReference; lastKnownFileType = wrapper.framework; name = MobileCoreServices.framework; path = System/Library/Frameworks/MobileCoreServices.framework; sourceTree = SDKROOT; };
		079E39601D2EBD4F00D16746 /* Security.framework */ = {isa = PBXFileReference; lastKnownFileType = wrapper.framework; name = Security.framework; path = System/Library/Frameworks/Security.framework; sourceTree = SDKROOT; };
		079E39621D2EBD5E00D16746 /* SystemConfiguration.framework */ = {isa = PBXFileReference; lastKnownFileType = wrapper.framework; name = SystemConfiguration.framework; path = System/Library/Frameworks/SystemConfiguration.framework; sourceTree = SDKROOT; };
		46910263CAEAE7E4858805C1 /* Pods-iOS_Click_btn.release.xcconfig */ = {isa = PBXFileReference; includeInIndex = 1; lastKnownFileType = text.xcconfig; name = "Pods-iOS_Click_btn.release.xcconfig"; path = "Pods/Target Support Files/Pods-iOS_Click_btn/Pods-iOS_Click_btn.release.xcconfig"; sourceTree = "<group>"; };
		8E8090AB4C5F1607A75E117F /* Pods-iOS_Click_btn.debug.xcconfig */ = {isa = PBXFileReference; includeInIndex = 1; lastKnownFileType = text.xcconfig; name = "Pods-iOS_Click_btn.debug.xcconfig"; path = "Pods/Target Support Files/Pods-iOS_Click_btn/Pods-iOS_Click_btn.debug.xcconfig"; sourceTree = "<group>"; };
		D6DAD9EAE6EDF880334240A9 /* libPods-iOS_Click_btn.a */ = {isa = PBXFileReference; explicitFileType = archive.ar; includeInIndex = 0; path = "libPods-iOS_Click_btn.a"; sourceTree = BUILT_PRODUCTS_DIR; };
/* End PBXFileReference section */

/* Begin PBXFrameworksBuildPhase section */
		079E39401D2EB91B00D16746 /* Frameworks */ = {
			isa = PBXFrameworksBuildPhase;
			buildActionMask = 2147483647;
			files = (
				079E39631D2EBD5E00D16746 /* SystemConfiguration.framework in Frameworks */,
				079E39611D2EBD5000D16746 /* Security.framework in Frameworks */,
				079E395F1D2EBD3B00D16746 /* MobileCoreServices.framework in Frameworks */,
				079E395D1D2EBD2800D16746 /* CoreTelephony.framework in Frameworks */,
				079E395B1D2EBD1300D16746 /* CoreMedia.framework in Frameworks */,
				079E39591D2EBD0300D16746 /* AVFoundation.framework in Frameworks */,
				1DEBFC9FE1D4DCFF822330C5 /* libPods-iOS_Click_btn.a in Frameworks */,
			);
			runOnlyForDeploymentPostprocessing = 0;
		};
/* End PBXFrameworksBuildPhase section */

/* Begin PBXGroup section */
		079E393A1D2EB91900D16746 = {
			isa = PBXGroup;
			children = (
				079E39451D2EB91C00D16746 /* iOS_Click_btn */,
				079E39441D2EB91B00D16746 /* Products */,
				7CB185204386C4DADC699487 /* Pods */,
				274D07B32C5FF39E209FF171 /* Frameworks */,
			);
			sourceTree = "<group>";
		};
		079E39441D2EB91B00D16746 /* Products */ = {
			isa = PBXGroup;
			children = (
				079E39431D2EB91B00D16746 /* iOS_Click_btn.app */,
			);
			name = Products;
			sourceTree = "<group>";
		};
		079E39451D2EB91C00D16746 /* iOS_Click_btn */ = {
			isa = PBXGroup;
			children = (
				079E39461D2EB91C00D16746 /* AppDelegate.swift */,
				079E39481D2EB91C00D16746 /* ViewController.swift */,
				079E394A1D2EB91D00D16746 /* Main.storyboard */,
				079E394D1D2EB91D00D16746 /* Assets.xcassets */,
				079E394F1D2EB91D00D16746 /* LaunchScreen.storyboard */,
				079E39521D2EB91D00D16746 /* Info.plist */,
			);
			path = iOS_Click_btn;
			sourceTree = "<group>";
		};
		274D07B32C5FF39E209FF171 /* Frameworks */ = {
			isa = PBXGroup;
			children = (
				079E39621D2EBD5E00D16746 /* SystemConfiguration.framework */,
				079E39601D2EBD4F00D16746 /* Security.framework */,
				079E395E1D2EBD3B00D16746 /* MobileCoreServices.framework */,
				079E395C1D2EBD2800D16746 /* CoreTelephony.framework */,
				079E395A1D2EBD1300D16746 /* CoreMedia.framework */,
				079E39581D2EBD0300D16746 /* AVFoundation.framework */,
				D6DAD9EAE6EDF880334240A9 /* libPods-iOS_Click_btn.a */,
			);
			name = Frameworks;
			sourceTree = "<group>";
		};
		7CB185204386C4DADC699487 /* Pods */ = {
			isa = PBXGroup;
			children = (
				8E8090AB4C5F1607A75E117F /* Pods-iOS_Click_btn.debug.xcconfig */,
				46910263CAEAE7E4858805C1 /* Pods-iOS_Click_btn.release.xcconfig */,
			);
			name = Pods;
			sourceTree = "<group>";
		};
/* End PBXGroup section */

/* Begin PBXNativeTarget section */
		079E39421D2EB91B00D16746 /* iOS_Click_btn */ = {
			isa = PBXNativeTarget;
			buildConfigurationList = 079E39551D2EB91D00D16746 /* Build configuration list for PBXNativeTarget "iOS_Click_btn" */;
			buildPhases = (
				C51B30F4547BC6F7AEAC3DBD /* Check Pods Manifest.lock */,
				079E393F1D2EB91B00D16746 /* Sources */,
				079E39401D2EB91B00D16746 /* Frameworks */,
				079E39411D2EB91B00D16746 /* Resources */,
				3FD5735DE657A6931995D6AE /* Embed Pods Frameworks */,
				02A68689E2FD5C50241EEBAA /* Copy Pods Resources */,
			);
			buildRules = (
			);
			dependencies = (
			);
			name = iOS_Click_btn;
			productName = iOS_Click_btn;
			productReference = 079E39431D2EB91B00D16746 /* iOS_Click_btn.app */;
			productType = "com.apple.product-type.application";
		};
/* End PBXNativeTarget section */

/* Begin PBXProject section */
		079E393B1D2EB91A00D16746 /* Project object */ = {
			isa = PBXProject;
			attributes = {
				LastSwiftUpdateCheck = 0730;
				LastUpgradeCheck = 0730;
				ORGANIZATIONNAME = Sgtmt;
				TargetAttributes = {
					079E39421D2EB91B00D16746 = {
						CreatedOnToolsVersion = 7.3;
					};
				};
			};
			buildConfigurationList = 079E393E1D2EB91A00D16746 /* Build configuration list for PBXProject "iOS_Click_btn" */;
			compatibilityVersion = "Xcode 3.2";
			developmentRegion = English;
			hasScannedForEncodings = 0;
			knownRegions = (
				en,
				Base,
			);
			mainGroup = 079E393A1D2EB91900D16746;
			productRefGroup = 079E39441D2EB91B00D16746 /* Products */;
			projectDirPath = "";
			projectRoot = "";
			targets = (
				079E39421D2EB91B00D16746 /* iOS_Click_btn */,
			);
		};
/* End PBXProject section */

/* Begin PBXResourcesBuildPhase section */
		079E39411D2EB91B00D16746 /* Resources */ = {
			isa = PBXResourcesBuildPhase;
			buildActionMask = 2147483647;
			files = (
				079E39511D2EB91D00D16746 /* LaunchScreen.storyboard in Resources */,
				079E394E1D2EB91D00D16746 /* Assets.xcassets in Resources */,
				079E394C1D2EB91D00D16746 /* Main.storyboard in Resources */,
			);
			runOnlyForDeploymentPostprocessing = 0;
		};
/* End PBXResourcesBuildPhase section */

/* Begin PBXShellScriptBuildPhase section */
		02A68689E2FD5C50241EEBAA /* Copy Pods Resources */ = {
			isa = PBXShellScriptBuildPhase;
			buildActionMask = 2147483647;
			files = (
			);
			inputPaths = (
			);
			name = "Copy Pods Resources";
			outputPaths = (
			);
			runOnlyForDeploymentPostprocessing = 0;
			shellPath = /bin/sh;
			shellScript = "\"${SRCROOT}/Pods/Target Support Files/Pods-iOS_Click_btn/Pods-iOS_Click_btn-resources.sh\"\n";
			showEnvVarsInLog = 0;
		};
		3FD5735DE657A6931995D6AE /* Embed Pods Frameworks */ = {
			isa = PBXShellScriptBuildPhase;
			buildActionMask = 2147483647;
			files = (
			);
			inputPaths = (
			);
			name = "Embed Pods Frameworks";
			outputPaths = (
			);
			runOnlyForDeploymentPostprocessing = 0;
			shellPath = /bin/sh;
			shellScript = "\"${SRCROOT}/Pods/Target Support Files/Pods-iOS_Click_btn/Pods-iOS_Click_btn-frameworks.sh\"\n";
			showEnvVarsInLog = 0;
		};
		C51B30F4547BC6F7AEAC3DBD /* Check Pods Manifest.lock */ = {
			isa = PBXShellScriptBuildPhase;
			buildActionMask = 2147483647;
			files = (
			);
			inputPaths = (
			);
			name = "Check Pods Manifest.lock";
			outputPaths = (
			);
			runOnlyForDeploymentPostprocessing = 0;
			shellPath = /bin/sh;
			shellScript = "diff \"${PODS_ROOT}/../Podfile.lock\" \"${PODS_ROOT}/Manifest.lock\" > /dev/null\nif [[ $? != 0 ]] ; then\n    cat << EOM\nerror: The sandbox is not in sync with the Podfile.lock. Run 'pod install' or update your CocoaPods installation.\nEOM\n    exit 1\nfi\n";
			showEnvVarsInLog = 0;
		};
/* End PBXShellScriptBuildPhase section */

/* Begin PBXSourcesBuildPhase section */
		079E393F1D2EB91B00D16746 /* Sources */ = {
			isa = PBXSourcesBuildPhase;
			buildActionMask = 2147483647;
			files = (
				079E39491D2EB91C00D16746 /* ViewController.swift in Sources */,
				079E39471D2EB91C00D16746 /* AppDelegate.swift in Sources */,
			);
			runOnlyForDeploymentPostprocessing = 0;
		};
/* End PBXSourcesBuildPhase section */

/* Begin PBXVariantGroup section */
		079E394A1D2EB91D00D16746 /* Main.storyboard */ = {
			isa = PBXVariantGroup;
			children = (
				079E394B1D2EB91D00D16746 /* Base */,
			);
			name = Main.storyboard;
			sourceTree = "<group>";
		};
		079E394F1D2EB91D00D16746 /* LaunchScreen.storyboard */ = {
			isa = PBXVariantGroup;
			children = (
				079E39501D2EB91D00D16746 /* Base */,
			);
			name = LaunchScreen.storyboard;
			sourceTree = "<group>";
		};
/* End PBXVariantGroup section */

/* Begin XCBuildConfiguration section */
		079E39531D2EB91D00D16746 /* Debug */ = {
			isa = XCBuildConfiguration;
			buildSettings = {
				ALWAYS_SEARCH_USER_PATHS = NO;
				CLANG_ANALYZER_NONNULL = YES;
				CLANG_CXX_LANGUAGE_STANDARD = "gnu++0x";
				CLANG_CXX_LIBRARY = "libc++";
				CLANG_ENABLE_MODULES = YES;
				CLANG_ENABLE_OBJC_ARC = YES;
				CLANG_WARN_BOOL_CONVERSION = YES;
				CLANG_WARN_CONSTANT_CONVERSION = YES;
				CLANG_WARN_DIRECT_OBJC_ISA_USAGE = YES_ERROR;
				CLANG_WARN_EMPTY_BODY = YES;
				CLANG_WARN_ENUM_CONVERSION = YES;
				CLANG_WARN_INT_CONVERSION = YES;
				CLANG_WARN_OBJC_ROOT_CLASS = YES_ERROR;
				CLANG_WARN_UNREACHABLE_CODE = YES;
				CLANG_WARN__DUPLICATE_METHOD_MATCH = YES;
				"CODE_SIGN_IDENTITY[sdk=iphoneos*]" = "iPhone Developer";
				COPY_PHASE_STRIP = NO;
				DEBUG_INFORMATION_FORMAT = dwarf;
				ENABLE_STRICT_OBJC_MSGSEND = YES;
				ENABLE_TESTABILITY = YES;
				GCC_C_LANGUAGE_STANDARD = gnu99;
				GCC_DYNAMIC_NO_PIC = NO;
				GCC_NO_COMMON_BLOCKS = YES;
				GCC_OPTIMIZATION_LEVEL = 0;
				GCC_PREPROCESSOR_DEFINITIONS = (
					"DEBUG=1",
					"$(inherited)",
				);
				GCC_WARN_64_TO_32_BIT_CONVERSION = YES;
				GCC_WARN_ABOUT_RETURN_TYPE = YES_ERROR;
				GCC_WARN_UNDECLARED_SELECTOR = YES;
				GCC_WARN_UNINITIALIZED_AUTOS = YES_AGGRESSIVE;
				GCC_WARN_UNUSED_FUNCTION = YES;
				GCC_WARN_UNUSED_VARIABLE = YES;
				IPHONEOS_DEPLOYMENT_TARGET = 9.3;
				MTL_ENABLE_DEBUG_INFO = YES;
				ONLY_ACTIVE_ARCH = YES;
				SDKROOT = iphoneos;
				SWIFT_OPTIMIZATION_LEVEL = "-Onone";
			};
			name = Debug;
		};
		079E39541D2EB91D00D16746 /* Release */ = {
			isa = XCBuildConfiguration;
			buildSettings = {
				ALWAYS_SEARCH_USER_PATHS = NO;
				CLANG_ANALYZER_NONNULL = YES;
				CLANG_CXX_LANGUAGE_STANDARD = "gnu++0x";
				CLANG_CXX_LIBRARY = "libc++";
				CLANG_ENABLE_MODULES = YES;
				CLANG_ENABLE_OBJC_ARC = YES;
				CLANG_WARN_BOOL_CONVERSION = YES;
				CLANG_WARN_CONSTANT_CONVERSION = YES;
				CLANG_WARN_DIRECT_OBJC_ISA_USAGE = YES_ERROR;
				CLANG_WARN_EMPTY_BODY = YES;
				CLANG_WARN_ENUM_CONVERSION = YES;
				CLANG_WARN_INT_CONVERSION = YES;
				CLANG_WARN_OBJC_ROOT_CLASS = YES_ERROR;
				CLANG_WARN_UNREACHABLE_CODE = YES;
				CLANG_WARN__DUPLICATE_METHOD_MATCH = YES;
				"CODE_SIGN_IDENTITY[sdk=iphoneos*]" = "iPhone Developer";
				COPY_PHASE_STRIP = NO;
				DEBUG_INFORMATION_FORMAT = "dwarf-with-dsym";
				ENABLE_NS_ASSERTIONS = NO;
				ENABLE_STRICT_OBJC_MSGSEND = YES;
				GCC_C_LANGUAGE_STANDARD = gnu99;
				GCC_NO_COMMON_BLOCKS = YES;
				GCC_WARN_64_TO_32_BIT_CONVERSION = YES;
				GCC_WARN_ABOUT_RETURN_TYPE = YES_ERROR;
				GCC_WARN_UNDECLARED_SELECTOR = YES;
				GCC_WARN_UNINITIALIZED_AUTOS = YES_AGGRESSIVE;
				GCC_WARN_UNUSED_FUNCTION = YES;
				GCC_WARN_UNUSED_VARIABLE = YES;
				IPHONEOS_DEPLOYMENT_TARGET = 9.3;
				MTL_ENABLE_DEBUG_INFO = NO;
				SDKROOT = iphoneos;
				VALIDATE_PRODUCT = YES;
			};
			name = Release;
		};
		079E39561D2EB91D00D16746 /* Debug */ = {
			isa = XCBuildConfiguration;
			baseConfigurationReference = 8E8090AB4C5F1607A75E117F /* Pods-iOS_Click_btn.debug.xcconfig */;
			buildSettings = {
				ASSETCATALOG_COMPILER_APPICON_NAME = AppIcon;
				INFOPLIST_FILE = iOS_Click_btn/Info.plist;
				LD_RUNPATH_SEARCH_PATHS = "$(inherited) @executable_path/Frameworks";
				PRODUCT_BUNDLE_IDENTIFIER = "com.sgtmt.jp.iOS-Click-btn";
				PRODUCT_NAME = "$(TARGET_NAME)";
			};
			name = Debug;
		};
		079E39571D2EB91D00D16746 /* Release */ = {
			isa = XCBuildConfiguration;
			baseConfigurationReference = 46910263CAEAE7E4858805C1 /* Pods-iOS_Click_btn.release.xcconfig */;
			buildSettings = {
				ASSETCATALOG_COMPILER_APPICON_NAME = AppIcon;
				INFOPLIST_FILE = iOS_Click_btn/Info.plist;
				LD_RUNPATH_SEARCH_PATHS = "$(inherited) @executable_path/Frameworks";
				PRODUCT_BUNDLE_IDENTIFIER = "com.sgtmt.jp.iOS-Click-btn";
				PRODUCT_NAME = "$(TARGET_NAME)";
			};
			name = Release;
		};
/* End XCBuildConfiguration section */

/* Begin XCConfigurationList section */
		079E393E1D2EB91A00D16746 /* Build configuration list for PBXProject "iOS_Click_btn" */ = {
			isa = XCConfigurationList;
			buildConfigurations = (
				079E39531D2EB91D00D16746 /* Debug */,
				079E39541D2EB91D00D16746 /* Release */,
			);
			defaultConfigurationIsVisible = 0;
			defaultConfigurationName = Release;
		};
		079E39551D2EB91D00D16746 /* Build configuration list for PBXNativeTarget "iOS_Click_btn" */ = {
			isa = XCConfigurationList;
			buildConfigurations = (
				079E39561D2EB91D00D16746 /* Debug */,
				079E39571D2EB91D00D16746 /* Release */,
			);
			defaultConfigurationIsVisible = 0;
			defaultConfigurationName = Release;
		};
/* End XCConfigurationList section */
	};
	rootObject = 079E393B1D2EB91A00D16746 /* Project object */;
}
